
Microsoft Visual Studio Solution File, Format Version 12.00
# Visual Studio Version 17
VisualStudioVersion = 17.14.36202.13
MinimumVisualStudioVersion = 10.0.40219.1
Project("{FAE04EC0-301F-11D3-BF4B-00C04F79EFBC}") = "ConsoleApp9", "ConsoleApp9.csproj", "{450514BD-CB2A-4332-9B33-ADEBCBE2336A}"
EndProject
Project("{FAE04EC0-301F-11D3-BF4B-00C04F79EFBC}") = "TestProject1", "TestProject1\TestProject1.csproj", "{9EDA4686-4E48-43B8-9B25-C6EFF90EE059}"
EndProject
Global
	GlobalSection(SolutionConfigurationPlatforms) = preSolution
		Debug|Any CPU = Debug|Any CPU
		Release|Any CPU = Release|Any CPU
	EndGlobalSection
	GlobalSection(ProjectConfigurationPlatforms) = postSolution
		{450514BD-CB2A-4332-9B33-ADEBCBE2336A}.Debug|Any CPU.ActiveCfg = Debug|Any CPU
		{450514BD-CB2A-4332-9B33-ADEBCBE2336A}.Debug|Any CPU.Build.0 = Debug|Any CPU
		{450514BD-CB2A-4332-9B33-ADEBCBE2336A}.Release|Any CPU.ActiveCfg = Release|Any CPU
		{450514BD-CB2A-4332-9B33-ADEBCBE2336A}.Release|Any CPU.Build.0 = Release|Any CPU
		{9EDA4686-4E48-43B8-9B25-C6EFF90EE059}.Debug|Any CPU.ActiveCfg = Debug|Any CPU
		{9EDA4686-4E48-43B8-9B25-C6EFF90EE059}.Debug|Any CPU.Build.0 = Debug|Any CPU
		{9EDA4686-4E48-43B8-9B25-C6EFF90EE059}.Release|Any CPU.ActiveCfg = Release|Any CPU
		{9EDA4686-4E48-43B8-9B25-C6EFF90EE059}.Release|Any CPU.Build.0 = Release|Any CPU
	EndGlobalSection
	GlobalSection(SolutionProperties) = preSolution
		HideSolutionNode = FALSE
	EndGlobalSection
	GlobalSection(ExtensibilityGlobals) = postSolution
		SolutionGuid = {EFD30943-F23C-49D3-BBAC-6B755AF896F4}
	EndGlobalSection
EndGlobal
